{
  "version": 4,
  "terraform_version": "1.6.4",
  "serial": 8,
  "lineage": "69613c60-c2ca-e24b-a5cb-2c15bf1326b4",
  "outputs": {},
  "resources": [
    {
      "mode": "managed",
      "type": "local_file",
      "name": "my_pet",
      "provider": "provider[\"registry.terraform.io/hashicorp/local\"]",
      "instances": [
        {
          "schema_version": 0,
          "attributes": {
            "content": "we don't like pets",
            "content_base64": null,
            "content_base64sha256": "jCwCztWhDNiHiPS/ngMkmes2+0u4/u2qT6OpqT+d1JE=",
            "content_base64sha512": "3lNoIt5/GcsBX5sp2K1MmgeK5YrzLp4K4XjcYQK/ju5eeaQtPb2bSgCMnjIuu/sDHbfvBwp+MRkdOtotZmCq5g==",
            "content_md5": "05f1da43345d27d1023f492d349469c6",
            "content_sha1": "d3e5ee17a2c2f361642e063614fa98c9401f38dc",
            "content_sha256": "8c2c02ced5a10cd88788f4bf9e032499eb36fb4bb8feedaa4fa3a9a93f9dd491",
            "content_sha512": "de536822de7f19cb015f9b29d8ad4c9a078ae58af32e9e0ae178dc6102bf8eee5e79a42d3dbd9b4a008c9e322ebbfb031db7ef070a7e31191d3ada2d6660aae6",
            "directory_permission": "0777",
            "file_permission": "0777",
            "filename": "pet.txt",
            "id": "d3e5ee17a2c2f361642e063614fa98c9401f38dc",
            "sensitive_content": null,
            "source": null
          },
          "sensitive_attributes": []
        }
      ]
    }
  ],
  "check_results": null
}
